
Microsoft Visual Studio Solution File, Format Version 12.00
# Visual Studio Version 16
VisualStudioVersion = 16.0.33927.289
MinimumVisualStudioVersion = 10.0.40219.1
Project("{FAE04EC0-301F-11D3-BF4B-00C04F79EFBC}") = "SalesWebMvc13", "SalesWebMvc13\SalesWebMvc13.csproj", "{4A4CE988-3767-47C7-AC8E-B126641E6CB9}"
EndProject
Global
	GlobalSection(SolutionConfigurationPlatforms) = preSolution
		Debug|Any CPU = Debug|Any CPU
		Release|Any CPU = Release|Any CPU
	EndGlobalSection
	GlobalSection(ProjectConfigurationPlatforms) = postSolution
		{4A4CE988-3767-47C7-AC8E-B126641E6CB9}.Debug|Any CPU.ActiveCfg = Debug|Any CPU
		{4A4CE988-3767-47C7-AC8E-B126641E6CB9}.Debug|Any CPU.Build.0 = Debug|Any CPU
		{4A4CE988-3767-47C7-AC8E-B126641E6CB9}.Release|Any CPU.ActiveCfg = Release|Any CPU
		{4A4CE988-3767-47C7-AC8E-B126641E6CB9}.Release|Any CPU.Build.0 = Release|Any CPU
	EndGlobalSection
	GlobalSection(SolutionProperties) = preSolution
		HideSolutionNode = FALSE
	EndGlobalSection
	GlobalSection(ExtensibilityGlobals) = postSolution
		SolutionGuid = {1DBA6995-2BF4-45FB-8EC7-3398A1C3CD2D}
	EndGlobalSection
EndGlobal
